
Microsoft Visual Studio Solution File, Format Version 12.00
# Visual Studio Version 17
VisualStudioVersion = 17.5.002.0
MinimumVisualStudioVersion = 10.0.40219.1
Project("{9A19103F-16F7-4668-BE54-9A1E7A4F7556}") = "DotNetBackend", "DotNetBackend.csproj", "{7E8FB4C5-EA56-44B3-BDF1-689E4D1B9F84}"
EndProject
Global
	GlobalSection(SolutionConfigurationPlatforms) = preSolution
		Debug|Any CPU = Debug|Any CPU
		Release|Any CPU = Release|Any CPU
	EndGlobalSection
	GlobalSection(ProjectConfigurationPlatforms) = postSolution
		{7E8FB4C5-EA56-44B3-BDF1-689E4D1B9F84}.Debug|Any CPU.ActiveCfg = Debug|Any CPU
		{7E8FB4C5-EA56-44B3-BDF1-689E4D1B9F84}.Debug|Any CPU.Build.0 = Debug|Any CPU
		{7E8FB4C5-EA56-44B3-BDF1-689E4D1B9F84}.Release|Any CPU.ActiveCfg = Release|Any CPU
		{7E8FB4C5-EA56-44B3-BDF1-689E4D1B9F84}.Release|Any CPU.Build.0 = Release|Any CPU
	EndGlobalSection
	GlobalSection(SolutionProperties) = preSolution
		HideSolutionNode = FALSE
	EndGlobalSection
	GlobalSection(ExtensibilityGlobals) = postSolution
		SolutionGuid = {7296B9B3-FE58-45C4-843D-6F5B83B98F49}
	EndGlobalSection
EndGlobal
